// !$*UTF8*$!
{
	archiveVersion = 1;
	classes = {
	};
	objectVersion = 50;
	objects = {

/* Begin PBXBuildFile section */
		9ABF1370203E7067008FCE7A /* AppDelegate.swift in Sources */ = {isa = PBXBuildFile; fileRef = 9ABF136F203E7067008FCE7A /* AppDelegate.swift */; };
		9ABF1372203E7067008FCE7A /* art.scnassets in Resources */ = {isa = PBXBuildFile; fileRef = 9ABF1371203E7067008FCE7A /* art.scnassets */; };
		9ABF1374203E7067008FCE7A /* ViewController.swift in Sources */ = {isa = PBXBuildFile; fileRef = 9ABF1373203E7067008FCE7A /* ViewController.swift */; };
		9ABF1377203E7067008FCE7A /* Main.storyboard in Resources */ = {isa = PBXBuildFile; fileRef = 9ABF1375203E7067008FCE7A /* Main.storyboard */; };
		9ABF1379203E7067008FCE7A /* Assets.xcassets in Resources */ = {isa = PBXBuildFile; fileRef = 9ABF1378203E7067008FCE7A /* Assets.xcassets */; };
		9ABF137C203E7067008FCE7A /* LaunchScreen.storyboard in Resources */ = {isa = PBXBuildFile; fileRef = 9ABF137A203E7067008FCE7A /* LaunchScreen.storyboard */; };
		9ABF138B203E7498008FCE7A /* Sohi.scnassets in Resources */ = {isa = PBXBuildFile; fileRef = 9ABF138A203E7498008FCE7A /* Sohi.scnassets */; };
		9ABF138F203E821E008FCE7A /* MarioKartViewController.swift in Sources */ = {isa = PBXBuildFile; fileRef = 9ABF138E203E821E008FCE7A /* MarioKartViewController.swift */; };
/* End PBXBuildFile section */

/* Begin PBXFileReference section */
		9ABF136C203E7067008FCE7A /* Sohi Poster App.app */ = {isa = PBXFileReference; explicitFileType = wrapper.application; includeInIndex = 0; path = "Sohi Poster App.app"; sourceTree = BUILT_PRODUCTS_DIR; };
		9ABF136F203E7067008FCE7A /* AppDelegate.swift */ = {isa = PBXFileReference; lastKnownFileType = sourcecode.swift; path = AppDelegate.swift; sourceTree = "<group>"; };
		9ABF1371203E7067008FCE7A /* art.scnassets */ = {isa = PBXFileReference; lastKnownFileType = wrapper.scnassets; path = art.scnassets; sourceTree = "<group>"; };
		9ABF1373203E7067008FCE7A /* ViewController.swift */ = {isa = PBXFileReference; lastKnownFileType = sourcecode.swift; path = ViewController.swift; sourceTree = "<group>"; };
		9ABF1376203E7067008FCE7A /* Base */ = {isa = PBXFileReference; lastKnownFileType = file.storyboard; name = Base; path = Base.lproj/Main.storyboard; sourceTree = "<group>"; };
		9ABF1378203E7067008FCE7A /* Assets.xcassets */ = {isa = PBXFileReference; lastKnownFileType = folder.assetcatalog; path = Assets.xcassets; sourceTree = "<group>"; };
		9ABF137B203E7067008FCE7A /* Base */ = {isa = PBXFileReference; lastKnownFileType = file.storyboard; name = Base; path = Base.lproj/LaunchScreen.storyboard; sourceTree = "<group>"; };
		9ABF137D203E7067008FCE7A /* Info.plist */ = {isa = PBXFileReference; lastKnownFileType = text.plist.xml; path = Info.plist; sourceTree = "<group>"; };
		9ABF138A203E7498008FCE7A /* Sohi.scnassets */ = {isa = PBXFileReference; lastKnownFileType = wrapper.scnassets; path = Sohi.scnassets; sourceTree = "<group>"; };
		9ABF138E203E821E008FCE7A /* MarioKartViewController.swift */ = {isa = PBXFileReference; lastKnownFileType = sourcecode.swift; path = MarioKartViewController.swift; sourceTree = "<group>"; };
/* End PBXFileReference section */

/* Begin PBXFrameworksBuildPhase section */
		9ABF1369203E7067008FCE7A /* Frameworks */ = {
			isa = PBXFrameworksBuildPhase;
			buildActionMask = 2147483647;
			files = (
			);
			runOnlyForDeploymentPostprocessing = 0;
		};
/* End PBXFrameworksBuildPhase section */

/* Begin PBXGroup section */
		9ABF1363203E7067008FCE7A = {
			isa = PBXGroup;
			children = (
				9ABF136E203E7067008FCE7A /* Sohi Poster App */,
				9ABF136D203E7067008FCE7A /* Products */,
			);
			sourceTree = "<group>";
		};
		9ABF136D203E7067008FCE7A /* Products */ = {
			isa = PBXGroup;
			children = (
				9ABF136C203E7067008FCE7A /* Sohi Poster App.app */,
			);
			name = Products;
			sourceTree = "<group>";
		};
		9ABF136E203E7067008FCE7A /* Sohi Poster App */ = {
			isa = PBXGroup;
			children = (
				9ABF136F203E7067008FCE7A /* AppDelegate.swift */,
				9ABF1371203E7067008FCE7A /* art.scnassets */,
				9ABF1373203E7067008FCE7A /* ViewController.swift */,
				9ABF138E203E821E008FCE7A /* MarioKartViewController.swift */,
				9ABF1375203E7067008FCE7A /* Main.storyboard */,
				9ABF1378203E7067008FCE7A /* Assets.xcassets */,
				9ABF138A203E7498008FCE7A /* Sohi.scnassets */,
				9ABF137A203E7067008FCE7A /* LaunchScreen.storyboard */,
				9ABF137D203E7067008FCE7A /* Info.plist */,
			);
			path = "Sohi Poster App";
			sourceTree = "<group>";
		};
/* End PBXGroup section */

/* Begin PBXNativeTarget section */
		9ABF136B203E7067008FCE7A /* Sohi Poster App */ = {
			isa = PBXNativeTarget;
			buildConfigurationList = 9ABF1380203E7067008FCE7A /* Build configuration list for PBXNativeTarget "Sohi Poster App" */;
			buildPhases = (
				9ABF1368203E7067008FCE7A /* Sources */,
				9ABF1369203E7067008FCE7A /* Frameworks */,
				9ABF136A203E7067008FCE7A /* Resources */,
			);
			buildRules = (
			);
			dependencies = (
			);
			name = "Sohi Poster App";
			productName = "Sohi Poster App";
			productReference = 9ABF136C203E7067008FCE7A /* Sohi Poster App.app */;
			productType = "com.apple.product-type.application";
		};
/* End PBXNativeTarget section */

/* Begin PBXProject section */
		9ABF1364203E7067008FCE7A /* Project object */ = {
			isa = PBXProject;
			attributes = {
				LastSwiftUpdateCheck = 0930;
				LastUpgradeCheck = 0930;
				ORGANIZATIONNAME = Somnibyte;
				TargetAttributes = {
					9ABF136B203E7067008FCE7A = {
						CreatedOnToolsVersion = 9.3;
					};
				};
			};
			buildConfigurationList = 9ABF1367203E7067008FCE7A /* Build configuration list for PBXProject "Sohi Poster App" */;
			compatibilityVersion = "Xcode 9.3";
			developmentRegion = en;
			hasScannedForEncodings = 0;
			knownRegions = (
				en,
				Base,
			);
			mainGroup = 9ABF1363203E7067008FCE7A;
			productRefGroup = 9ABF136D203E7067008FCE7A /* Products */;
			projectDirPath = "";
			projectRoot = "";
			targets = (
				9ABF136B203E7067008FCE7A /* Sohi Poster App */,
			);
		};
/* End PBXProject section */

/* Begin PBXResourcesBuildPhase section */
		9ABF136A203E7067008FCE7A /* Resources */ = {
			isa = PBXResourcesBuildPhase;
			buildActionMask = 2147483647;
			files = (
				9ABF1372203E7067008FCE7A /* art.scnassets in Resources */,
				9ABF137C203E7067008FCE7A /* LaunchScreen.storyboard in Resources */,
				9ABF138B203E7498008FCE7A /* Sohi.scnassets in Resources */,
				9ABF1379203E7067008FCE7A /* Assets.xcassets in Resources */,
				9ABF1377203E7067008FCE7A /* Main.storyboard in Resources */,
			);
			runOnlyForDeploymentPostprocessing = 0;
		};
/* End PBXResourcesBuildPhase section */

/* Begin PBXSourcesBuildPhase section */
		9ABF1368203E7067008FCE7A /* Sources */ = {
			isa = PBXSourcesBuildPhase;
			buildActionMask = 2147483647;
			files = (
				9ABF1374203E7067008FCE7A /* ViewController.swift in Sources */,
				9ABF138F203E821E008FCE7A /* MarioKartViewController.swift in Sources */,
				9ABF1370203E7067008FCE7A /* AppDelegate.swift in Sources */,
			);
			runOnlyForDeploymentPostprocessing = 0;
		};
/* End PBXSourcesBuildPhase section */

/* Begin PBXVariantGroup section */
		9ABF1375203E7067008FCE7A /* Main.storyboard */ = {
			isa = PBXVariantGroup;
			children = (
				9ABF1376203E7067008FCE7A /* Base */,
			);
			name = Main.storyboard;
			sourceTree = "<group>";
		};
		9ABF137A203E7067008FCE7A /* LaunchScreen.storyboard */ = {
			isa = PBXVariantGroup;
			children = (
				9ABF137B203E7067008FCE7A /* Base */,
			);
			name = LaunchScreen.storyboard;
			sourceTree = "<group>";
		};
/* End PBXVariantGroup section */

/* Begin XCBuildConfiguration section */
		9ABF137E203E7067008FCE7A /* Debug */ = {
			isa = XCBuildConfiguration;
			buildSettings = {
				ALWAYS_SEARCH_USER_PATHS = NO;
				CLANG_ANALYZER_NONNULL = YES;
				CLANG_ANALYZER_NUMBER_OBJECT_CONVERSION = YES_AGGRESSIVE;
				CLANG_CXX_LANGUAGE_STANDARD = "gnu++14";
				CLANG_CXX_LIBRARY = "libc++";
				CLANG_ENABLE_MODULES = YES;
				CLANG_ENABLE_OBJC_ARC = YES;
				CLANG_ENABLE_OBJC_WEAK = YES;
				CLANG_WARN_BLOCK_CAPTURE_AUTORELEASING = YES;
				CLANG_WARN_BOOL_CONVERSION = YES;
				CLANG_WARN_COMMA = YES;
				CLANG_WARN_CONSTANT_CONVERSION = YES;
				CLANG_WARN_DEPRECATED_OBJC_IMPLEMENTATIONS = YES;
				CLANG_WARN_DIRECT_OBJC_ISA_USAGE = YES_ERROR;
				CLANG_WARN_DOCUMENTATION_COMMENTS = YES;
				CLANG_WARN_EMPTY_BODY = YES;
				CLANG_WARN_ENUM_CONVERSION = YES;
				CLANG_WARN_INFINITE_RECURSION = YES;
				CLANG_WARN_INT_CONVERSION = YES;
				CLANG_WARN_NON_LITERAL_NULL_CONVERSION = YES;
				CLANG_WARN_OBJC_IMPLICIT_RETAIN_SELF = YES;
				CLANG_WARN_OBJC_LITERAL_CONVERSION = YES;
				CLANG_WARN_OBJC_ROOT_CLASS = YES_ERROR;
				CLANG_WARN_RANGE_LOOP_ANALYSIS = YES;
				CLANG_WARN_STRICT_PROTOTYPES = YES;
				CLANG_WARN_SUSPICIOUS_MOVE = YES;
				CLANG_WARN_UNGUARDED_AVAILABILITY = YES_AGGRESSIVE;
				CLANG_WARN_UNREACHABLE_CODE = YES;
				CLANG_WARN__DUPLICATE_METHOD_MATCH = YES;
				CODE_SIGN_IDENTITY = "iPhone Developer";
				COPY_PHASE_STRIP = NO;
				DEBUG_INFORMATION_FORMAT = dwarf;
				ENABLE_STRICT_OBJC_MSGSEND = YES;
				ENABLE_TESTABILITY = YES;
				GCC_C_LANGUAGE_STANDARD = gnu11;
				GCC_DYNAMIC_NO_PIC = NO;
				GCC_NO_COMMON_BLOCKS = YES;
				GCC_OPTIMIZATION_LEVEL = 0;
				GCC_PREPROCESSOR_DEFINITIONS = (
					"DEBUG=1",
					"$(inherited)",
				);
				GCC_WARN_64_TO_32_BIT_CONVERSION = YES;
				GCC_WARN_ABOUT_RETURN_TYPE = YES_ERROR;
				GCC_WARN_UNDECLARED_SELECTOR = YES;
				GCC_WARN_UNINITIALIZED_AUTOS = YES_AGGRESSIVE;
				GCC_WARN_UNUSED_FUNCTION = YES;
				GCC_WARN_UNUSED_VARIABLE = YES;
				IPHONEOS_DEPLOYMENT_TARGET = 11.3;
				MTL_ENABLE_DEBUG_INFO = YES;
				ONLY_ACTIVE_ARCH = YES;
				SDKROOT = iphoneos;
				SWIFT_ACTIVE_COMPILATION_CONDITIONS = DEBUG;
				SWIFT_OPTIMIZATION_LEVEL = "-Onone";
			};
			name = Debug;
		};
		9ABF137F203E7067008FCE7A /* Release */ = {
			isa = XCBuildConfiguration;
			buildSettings = {
				ALWAYS_SEARCH_USER_PATHS = NO;
				CLANG_ANALYZER_NONNULL = YES;
				CLANG_ANALYZER_NUMBER_OBJECT_CONVERSION = YES_AGGRESSIVE;
				CLANG_CXX_LANGUAGE_STANDARD = "gnu++14";
				CLANG_CXX_LIBRARY = "libc++";
				CLANG_ENABLE_MODULES = YES;
				CLANG_ENABLE_OBJC_ARC = YES;
				CLANG_ENABLE_OBJC_WEAK = YES;
				CLANG_WARN_BLOCK_CAPTURE_AUTORELEASING = YES;
				CLANG_WARN_BOOL_CONVERSION = YES;
				CLANG_WARN_COMMA = YES;
				CLANG_WARN_CONSTANT_CONVERSION = YES;
				CLANG_WARN_DEPRECATED_OBJC_IMPLEMENTATIONS = YES;
				CLANG_WARN_DIRECT_OBJC_ISA_USAGE = YES_ERROR;
				CLANG_WARN_DOCUMENTATION_COMMENTS = YES;
				CLANG_WARN_EMPTY_BODY = YES;
				CLANG_WARN_ENUM_CONVERSION = YES;
				CLANG_WARN_INFINITE_RECURSION = YES;
				CLANG_WARN_INT_CONVERSION = YES;
				CLANG_WARN_NON_LITERAL_NULL_CONVERSION = YES;
				CLANG_WARN_OBJC_IMPLICIT_RETAIN_SELF = YES;
				CLANG_WARN_OBJC_LITERAL_CONVERSION = YES;
				CLANG_WARN_OBJC_ROOT_CLASS = YES_ERROR;
				CLANG_WARN_RANGE_LOOP_ANALYSIS = YES;
				CLANG_WARN_STRICT_PROTOTYPES = YES;
				CLANG_WARN_SUSPICIOUS_MOVE = YES;
				CLANG_WARN_UNGUARDED_AVAILABILITY = YES_AGGRESSIVE;
				CLANG_WARN_UNREACHABLE_CODE = YES;
				CLANG_WARN__DUPLICATE_METHOD_MATCH = YES;
				CODE_SIGN_IDENTITY = "iPhone Developer";
				COPY_PHASE_STRIP = NO;
				DEBUG_INFORMATION_FORMAT = "dwarf-with-dsym";
				ENABLE_NS_ASSERTIONS = NO;
				ENABLE_STRICT_OBJC_MSGSEND = YES;
				GCC_C_LANGUAGE_STANDARD = gnu11;
				GCC_NO_COMMON_BLOCKS = YES;
				GCC_WARN_64_TO_32_BIT_CONVERSION = YES;
				GCC_WARN_ABOUT_RETURN_TYPE = YES_ERROR;
				GCC_WARN_UNDECLARED_SELECTOR = YES;
				GCC_WARN_UNINITIALIZED_AUTOS = YES_AGGRESSIVE;
				GCC_WARN_UNUSED_FUNCTION = YES;
				GCC_WARN_UNUSED_VARIABLE = YES;
				IPHONEOS_DEPLOYMENT_TARGET = 11.3;
				MTL_ENABLE_DEBUG_INFO = NO;
				SDKROOT = iphoneos;
				SWIFT_COMPILATION_MODE = wholemodule;
				SWIFT_OPTIMIZATION_LEVEL = "-O";
				VALIDATE_PRODUCT = YES;
			};
			name = Release;
		};
		9ABF1381203E7067008FCE7A /* Debug */ = {
			isa = XCBuildConfiguration;
			buildSettings = {
				ASSETCATALOG_COMPILER_APPICON_NAME = AppIcon;
				CODE_SIGN_STYLE = Automatic;
				DEVELOPMENT_TEAM = DZV4MYF2U6;
				INFOPLIST_FILE = "Sohi Poster App/Info.plist";
				LD_RUNPATH_SEARCH_PATHS = (
					"$(inherited)",
					"@executable_path/Frameworks",
				);
				PRODUCT_BUNDLE_IDENTIFIER = "com.somnibyte.Sohi-Poster-App";
				PRODUCT_NAME = "$(TARGET_NAME)";
				SWIFT_VERSION = 4.0;
				TARGETED_DEVICE_FAMILY = "1,2";
			};
			name = Debug;
		};
		9ABF1382203E7067008FCE7A /* Release */ = {
			isa = XCBuildConfiguration;
			buildSettings = {
				ASSETCATALOG_COMPILER_APPICON_NAME = AppIcon;
				CODE_SIGN_STYLE = Automatic;
				DEVELOPMENT_TEAM = DZV4MYF2U6;
				INFOPLIST_FILE = "Sohi Poster App/Info.plist";
				LD_RUNPATH_SEARCH_PATHS = (
					"$(inherited)",
					"@executable_path/Frameworks",
				);
				PRODUCT_BUNDLE_IDENTIFIER = "com.somnibyte.Sohi-Poster-App";
				PRODUCT_NAME = "$(TARGET_NAME)";
				SWIFT_VERSION = 4.0;
				TARGETED_DEVICE_FAMILY = "1,2";
			};
			name = Release;
		};
/* End XCBuildConfiguration section */

/* Begin XCConfigurationList section */
		9ABF1367203E7067008FCE7A /* Build configuration list for PBXProject "Sohi Poster App" */ = {
			isa = XCConfigurationList;
			buildConfigurations = (
				9ABF137E203E7067008FCE7A /* Debug */,
				9ABF137F203E7067008FCE7A /* Release */,
			);
			defaultConfigurationIsVisible = 0;
			defaultConfigurationName = Release;
		};
		9ABF1380203E7067008FCE7A /* Build configuration list for PBXNativeTarget "Sohi Poster App" */ = {
			isa = XCConfigurationList;
			buildConfigurations = (
				9ABF1381203E7067008FCE7A /* Debug */,
				9ABF1382203E7067008FCE7A /* Release */,
			);
			defaultConfigurationIsVisible = 0;
			defaultConfigurationName = Release;
		};
/* End XCConfigurationList section */
	};
	rootObject = 9ABF1364203E7067008FCE7A /* Project object */;
}
